# This is a Gradle generated file for dependency locking.
# Manual edits can break the build and are not advised.
# This file is expected to be part of source control.
ch.qos.logback:logback-classic:1.3.5=ktlint
ch.qos.logback:logback-core:1.3.5=ktlint
com.fasterxml.jackson.core:jackson-annotations:2.12.7=dokkaGfmCollectorPlugin,dokkaGfmCollectorRuntime,dokkaGfmMultiModulePlugin,dokkaGfmMultiModuleRuntime,dokkaGfmPlugin,dokkaGfmRuntime,dokkaHtmlCollectorPlugin,dokkaHtmlCollectorRuntime,dokkaHtmlMultiModulePlugin,dokkaHtmlMultiModuleRuntime,dokkaHtmlPlugin,dokkaHtmlRuntime,dokkaJavadocCollectorPlugin,dokkaJavadocCollectorRuntime,dokkaJavadocPlugin,dokkaJavadocRuntime,dokkaJekyllCollectorPlugin,dokkaJekyllCollectorRuntime,dokkaJekyllMultiModulePlugin,dokkaJekyllMultiModuleRuntime,dokkaJekyllPlugin,dokkaJekyllRuntime
com.fasterxml.jackson.core:jackson-core:2.12.7=dokkaGfmCollectorPlugin,dokkaGfmCollectorRuntime,dokkaGfmMultiModulePlugin,dokkaGfmMultiModuleRuntime,dokkaGfmPlugin,dokkaGfmRuntime,dokkaHtmlCollectorPlugin,dokkaHtmlCollectorRuntime,dokkaHtmlMultiModulePlugin,dokkaHtmlMultiModuleRuntime,dokkaHtmlPlugin,dokkaHtmlRuntime,dokkaJavadocCollectorPlugin,dokkaJavadocCollectorRuntime,dokkaJavadocPlugin,dokkaJavadocRuntime,dokkaJekyllCollectorPlugin,dokkaJekyllCollectorRuntime,dokkaJekyllMultiModulePlugin,dokkaJekyllMultiModuleRuntime,dokkaJekyllPlugin,dokkaJekyllRuntime
com.fasterxml.jackson.core:jackson-databind:2.12.7.1=dokkaGfmCollectorPlugin,dokkaGfmCollectorRuntime,dokkaGfmMultiModulePlugin,dokkaGfmMultiModuleRuntime,dokkaGfmPlugin,dokkaGfmRuntime,dokkaHtmlCollectorPlugin,dokkaHtmlCollectorRuntime,dokkaHtmlMultiModulePlugin,dokkaHtmlMultiModuleRuntime,dokkaHtmlPlugin,dokkaHtmlRuntime,dokkaJavadocCollectorPlugin,dokkaJavadocCollectorRuntime,dokkaJavadocPlugin,dokkaJavadocRuntime,dokkaJekyllCollectorPlugin,dokkaJekyllCollectorRuntime,dokkaJekyllMultiModulePlugin,dokkaJekyllMultiModuleRuntime,dokkaJekyllPlugin,dokkaJekyllRuntime
com.fasterxml.jackson.dataformat:jackson-dataformat-xml:2.12.7=dokkaGfmCollectorRuntime,dokkaGfmMultiModuleRuntime,dokkaGfmRuntime,dokkaHtmlCollectorRuntime,dokkaHtmlMultiModuleRuntime,dokkaHtmlRuntime,dokkaJavadocCollectorRuntime,dokkaJavadocRuntime,dokkaJekyllCollectorRuntime,dokkaJekyllMultiModuleRuntime,dokkaJekyllRuntime
com.fasterxml.jackson.module:jackson-module-jaxb-annotations:2.12.7=dokkaGfmCollectorRuntime,dokkaGfmMultiModuleRuntime,dokkaGfmRuntime,dokkaHtmlCollectorRuntime,dokkaHtmlMultiModuleRuntime,dokkaHtmlRuntime,dokkaJavadocCollectorRuntime,dokkaJavadocRuntime,dokkaJekyllCollectorRuntime,dokkaJekyllMultiModuleRuntime,dokkaJekyllRuntime
com.fasterxml.jackson.module:jackson-module-kotlin:2.12.7=dokkaGfmCollectorPlugin,dokkaGfmCollectorRuntime,dokkaGfmMultiModulePlugin,dokkaGfmMultiModuleRuntime,dokkaGfmPlugin,dokkaGfmRuntime,dokkaHtmlCollectorPlugin,dokkaHtmlCollectorRuntime,dokkaHtmlMultiModulePlugin,dokkaHtmlMultiModuleRuntime,dokkaHtmlPlugin,dokkaHtmlRuntime,dokkaJavadocCollectorPlugin,dokkaJavadocCollectorRuntime,dokkaJavadocPlugin,dokkaJavadocRuntime,dokkaJekyllCollectorPlugin,dokkaJekyllCollectorRuntime,dokkaJekyllMultiModulePlugin,dokkaJekyllMultiModuleRuntime,dokkaJekyllPlugin,dokkaJekyllRuntime
com.fasterxml.jackson:jackson-bom:2.12.7=dokkaGfmCollectorPlugin,dokkaGfmCollectorRuntime,dokkaGfmMultiModulePlugin,dokkaGfmMultiModuleRuntime,dokkaGfmPlugin,dokkaGfmRuntime,dokkaHtmlCollectorPlugin,dokkaHtmlCollectorRuntime,dokkaHtmlMultiModulePlugin,dokkaHtmlMultiModuleRuntime,dokkaHtmlPlugin,dokkaHtmlRuntime,dokkaJavadocCollectorPlugin,dokkaJavadocCollectorRuntime,dokkaJavadocPlugin,dokkaJavadocRuntime,dokkaJekyllCollectorPlugin,dokkaJekyllCollectorRuntime,dokkaJekyllMultiModulePlugin,dokkaJekyllMultiModuleRuntime,dokkaJekyllPlugin,dokkaJekyllRuntime
com.fasterxml.woodstox:woodstox-core:6.2.4=dokkaGfmCollectorRuntime,dokkaGfmMultiModuleRuntime,dokkaGfmRuntime,dokkaHtmlCollectorRuntime,dokkaHtmlMultiModuleRuntime,dokkaHtmlRuntime,dokkaJavadocCollectorRuntime,dokkaJavadocRuntime,dokkaJekyllCollectorRuntime,dokkaJekyllMultiModuleRuntime,dokkaJekyllRuntime
com.pinterest.ktlint:ktlint-cli-reporter-baseline:1.0.1=ktlint,ktlintBaselineReporter
com.pinterest.ktlint:ktlint-cli-reporter-checkstyle:1.0.1=ktlint
com.pinterest.ktlint:ktlint-cli-reporter-core:1.0.1=ktlint,ktlintBaselineReporter
com.pinterest.ktlint:ktlint-cli-reporter-format:1.0.1=ktlint
com.pinterest.ktlint:ktlint-cli-reporter-html:1.0.1=ktlint
com.pinterest.ktlint:ktlint-cli-reporter-json:1.0.1=ktlint
com.pinterest.ktlint:ktlint-cli-reporter-plain-summary:1.0.1=ktlint
com.pinterest.ktlint:ktlint-cli-reporter-plain:1.0.1=ktlint
com.pinterest.ktlint:ktlint-cli-reporter-sarif:1.0.1=ktlint
com.pinterest.ktlint:ktlint-cli-ruleset-core:1.0.1=ktlint,ktlintRuleset
com.pinterest.ktlint:ktlint-cli:1.0.1=ktlint
com.pinterest.ktlint:ktlint-logger:1.0.1=ktlint,ktlintBaselineReporter,ktlintRuleset
com.pinterest.ktlint:ktlint-rule-engine-core:1.0.1=ktlint,ktlintBaselineReporter,ktlintRuleset
com.pinterest.ktlint:ktlint-rule-engine:1.0.1=ktlint
com.pinterest.ktlint:ktlint-ruleset-standard:1.0.1=ktlint,ktlintRuleset
com.soywiz.korlibs.korte:korte-jvm:4.0.10=dokkaJavadocPlugin
dev.drewhamilton.poko:poko-annotations-jvm:0.15.0=ktlint,ktlintBaselineReporter,ktlintRuleset
dev.drewhamilton.poko:poko-annotations:0.15.0=ktlint,ktlintBaselineReporter,ktlintRuleset
info.picocli:picocli:4.7.5=ktlint
io.github.detekt.sarif4k:sarif4k-jvm:0.5.0=ktlint,ktlintReporter
io.github.detekt.sarif4k:sarif4k:0.5.0=ktlint,ktlintReporter
io.github.oshai:kotlin-logging-jvm:5.1.0=ktlint,ktlintBaselineReporter,ktlintReporter,ktlintRuleset
io.github.oshai:kotlin-logging:5.1.0=ktlint,ktlintBaselineReporter,ktlintReporter
it.unimi.dsi:fastutil-core:8.5.12=dokkaGfmCollectorPlugin,dokkaGfmMultiModulePlugin,dokkaGfmPlugin,dokkaHtmlCollectorPlugin,dokkaHtmlMultiModulePlugin,dokkaHtmlPlugin,dokkaJavadocCollectorPlugin,dokkaJavadocPlugin,dokkaJekyllCollectorPlugin,dokkaJekyllMultiModulePlugin,dokkaJekyllPlugin
jakarta.activation:jakarta.activation-api:1.2.1=dokkaGfmCollectorRuntime,dokkaGfmMultiModuleRuntime,dokkaGfmRuntime,dokkaHtmlCollectorRuntime,dokkaHtmlMultiModuleRuntime,dokkaHtmlRuntime,dokkaJavadocCollectorRuntime,dokkaJavadocRuntime,dokkaJekyllCollectorRuntime,dokkaJekyllMultiModuleRuntime,dokkaJekyllRuntime
jakarta.xml.bind:jakarta.xml.bind-api:2.3.2=dokkaGfmCollectorRuntime,dokkaGfmMultiModuleRuntime,dokkaGfmRuntime,dokkaHtmlCollectorRuntime,dokkaHtmlMultiModuleRuntime,dokkaHtmlRuntime,dokkaJavadocCollectorRuntime,dokkaJavadocRuntime,dokkaJekyllCollectorRuntime,dokkaJekyllMultiModuleRuntime,dokkaJekyllRuntime
org.codehaus.woodstox:stax2-api:4.2.1=dokkaGfmCollectorRuntime,dokkaGfmMultiModuleRuntime,dokkaGfmRuntime,dokkaHtmlCollectorRuntime,dokkaHtmlMultiModuleRuntime,dokkaHtmlRuntime,dokkaJavadocCollectorRuntime,dokkaJavadocRuntime,dokkaJekyllCollectorRuntime,dokkaJekyllMultiModuleRuntime,dokkaJekyllRuntime
org.ec4j.core:ec4j-core:0.3.0=ktlint,ktlintBaselineReporter,ktlintRuleset
org.freemarker:freemarker:2.3.32=dokkaGfmCollectorPlugin,dokkaGfmMultiModulePlugin,dokkaGfmPlugin,dokkaHtmlCollectorPlugin,dokkaHtmlMultiModulePlugin,dokkaHtmlPlugin,dokkaJavadocCollectorPlugin,dokkaJavadocPlugin,dokkaJekyllCollectorPlugin,dokkaJekyllMultiModulePlugin,dokkaJekyllPlugin
org.jacoco:org.jacoco.agent:0.8.8=jacocoAgent,jacocoAnt
org.jacoco:org.jacoco.ant:0.8.8=jacocoAnt
org.jacoco:org.jacoco.core:0.8.8=jacocoAnt
org.jacoco:org.jacoco.report:0.8.8=jacocoAnt
org.jetbrains.dokka:all-modules-page-plugin:1.9.20=dokkaGfmMultiModulePlugin,dokkaHtmlMultiModulePlugin,dokkaJekyllMultiModulePlugin
org.jetbrains.dokka:analysis-kotlin-descriptors:1.9.20=dokkaGfmCollectorPlugin,dokkaGfmMultiModulePlugin,dokkaGfmPlugin,dokkaHtmlCollectorPlugin,dokkaHtmlMultiModulePlugin,dokkaHtmlPlugin,dokkaJavadocCollectorPlugin,dokkaJavadocPlugin,dokkaJekyllCollectorPlugin,dokkaJekyllMultiModulePlugin,dokkaJekyllPlugin
org.jetbrains.dokka:analysis-markdown:1.9.20=dokkaGfmCollectorPlugin,dokkaGfmMultiModulePlugin,dokkaGfmPlugin,dokkaHtmlCollectorPlugin,dokkaHtmlMultiModulePlugin,dokkaHtmlPlugin,dokkaJavadocCollectorPlugin,dokkaJavadocPlugin,dokkaJekyllCollectorPlugin,dokkaJekyllMultiModulePlugin,dokkaJekyllPlugin
org.jetbrains.dokka:dokka-base:1.9.20=dokkaGfmCollectorPlugin,dokkaGfmMultiModulePlugin,dokkaGfmPlugin,dokkaHtmlCollectorPlugin,dokkaHtmlMultiModulePlugin,dokkaHtmlPlugin,dokkaJavadocCollectorPlugin,dokkaJavadocPlugin,dokkaJekyllCollectorPlugin,dokkaJekyllMultiModulePlugin,dokkaJekyllPlugin
org.jetbrains.dokka:dokka-core:1.9.20=dokkaGfmCollectorRuntime,dokkaGfmMultiModuleRuntime,dokkaGfmRuntime,dokkaHtmlCollectorRuntime,dokkaHtmlMultiModuleRuntime,dokkaHtmlRuntime,dokkaJavadocCollectorRuntime,dokkaJavadocRuntime,dokkaJekyllCollectorRuntime,dokkaJekyllMultiModuleRuntime,dokkaJekyllRuntime
org.jetbrains.dokka:gfm-plugin:1.9.20=dokkaGfmMultiModulePlugin,dokkaGfmPlugin,dokkaJekyllMultiModulePlugin,dokkaJekyllPlugin
org.jetbrains.dokka:gfm-template-processing-plugin:1.9.20=dokkaGfmMultiModulePlugin,dokkaJekyllMultiModulePlugin
org.jetbrains.dokka:javadoc-plugin:1.9.20=dokkaJavadocPlugin
org.jetbrains.dokka:jekyll-plugin:1.9.20=dokkaJekyllMultiModulePlugin,dokkaJekyllPlugin
org.jetbrains.dokka:jekyll-template-processing-plugin:1.9.20=dokkaJekyllMultiModulePlugin
org.jetbrains.dokka:kotlin-as-java-plugin:1.9.20=dokkaJavadocPlugin
org.jetbrains.dokka:templating-plugin:1.9.20=dokkaGfmMultiModulePlugin,dokkaHtmlMultiModulePlugin,dokkaJekyllMultiModulePlugin
org.jetbrains.intellij.deps:trove4j:1.0.20200330=kotlinBuildToolsApiClasspath,kotlinCompilerClasspath,kotlinKlibCommonizerClasspath,ktlint,ktlintBaselineReporter,ktlintRuleset
org.jetbrains.kotlin:kotlin-build-common:2.1.0=kotlinBuildToolsApiClasspath
org.jetbrains.kotlin:kotlin-build-tools-api:2.1.0=kotlinBuildToolsApiClasspath
org.jetbrains.kotlin:kotlin-build-tools-impl:2.1.0=kotlinBuildToolsApiClasspath
org.jetbrains.kotlin:kotlin-compiler-embeddable:1.9.10=ktlint,ktlintBaselineReporter,ktlintRuleset
org.jetbrains.kotlin:kotlin-compiler-embeddable:2.1.0=kotlinBuildToolsApiClasspath,kotlinCompilerClasspath,kotlinKlibCommonizerClasspath
org.jetbrains.kotlin:kotlin-compiler-runner:2.1.0=kotlinBuildToolsApiClasspath
org.jetbrains.kotlin:kotlin-daemon-client:2.1.0=kotlinBuildToolsApiClasspath
org.jetbrains.kotlin:kotlin-daemon-embeddable:1.9.10=ktlint,ktlintBaselineReporter,ktlintRuleset
org.jetbrains.kotlin:kotlin-daemon-embeddable:2.1.0=kotlinBuildToolsApiClasspath,kotlinCompilerClasspath,kotlinKlibCommonizerClasspath
org.jetbrains.kotlin:kotlin-klib-commonizer-embeddable:2.1.0=kotlinKlibCommonizerClasspath
org.jetbrains.kotlin:kotlin-reflect:1.6.10=kotlinBuildToolsApiClasspath,kotlinCompilerClasspath,kotlinKlibCommonizerClasspath,ktlint,ktlintBaselineReporter,ktlintRuleset
org.jetbrains.kotlin:kotlin-reflect:1.9.22=dokkaGfmCollectorPlugin,dokkaGfmCollectorRuntime,dokkaGfmMultiModulePlugin,dokkaGfmMultiModuleRuntime,dokkaGfmPlugin,dokkaGfmRuntime,dokkaHtmlCollectorPlugin,dokkaHtmlCollectorRuntime,dokkaHtmlMultiModulePlugin,dokkaHtmlMultiModuleRuntime,dokkaHtmlPlugin,dokkaHtmlRuntime,dokkaJavadocCollectorPlugin,dokkaJavadocCollectorRuntime,dokkaJavadocPlugin,dokkaJavadocRuntime,dokkaJekyllCollectorPlugin,dokkaJekyllCollectorRuntime,dokkaJekyllMultiModulePlugin,dokkaJekyllMultiModuleRuntime,dokkaJekyllPlugin,dokkaJekyllRuntime
org.jetbrains.kotlin:kotlin-script-runtime:1.9.10=ktlint,ktlintBaselineReporter,ktlintRuleset
org.jetbrains.kotlin:kotlin-script-runtime:2.1.0=kotlinBuildToolsApiClasspath,kotlinCompilerClasspath,kotlinCompilerPluginClasspathMain,kotlinCompilerPluginClasspathTest,kotlinKlibCommonizerClasspath
org.jetbrains.kotlin:kotlin-scripting-common:2.1.0=kotlinBuildToolsApiClasspath,kotlinCompilerPluginClasspathMain,kotlinCompilerPluginClasspathTest
org.jetbrains.kotlin:kotlin-scripting-compiler-embeddable:2.1.0=kotlinBuildToolsApiClasspath,kotlinCompilerPluginClasspathMain,kotlinCompilerPluginClasspathTest
org.jetbrains.kotlin:kotlin-scripting-compiler-impl-embeddable:2.1.0=kotlinBuildToolsApiClasspath,kotlinCompilerPluginClasspathMain,kotlinCompilerPluginClasspathTest
org.jetbrains.kotlin:kotlin-scripting-jvm:2.1.0=kotlinBuildToolsApiClasspath,kotlinCompilerPluginClasspathMain,kotlinCompilerPluginClasspathTest
org.jetbrains.kotlin:kotlin-stdlib-common:1.9.10=ktlint,ktlintBaselineReporter,ktlintReporter,ktlintRuleset
org.jetbrains.kotlin:kotlin-stdlib-common:1.9.22=dokkaGfmCollectorPlugin,dokkaGfmCollectorRuntime,dokkaGfmMultiModulePlugin,dokkaGfmMultiModuleRuntime,dokkaGfmPlugin,dokkaGfmRuntime,dokkaHtmlCollectorPlugin,dokkaHtmlCollectorRuntime,dokkaHtmlMultiModulePlugin,dokkaHtmlMultiModuleRuntime,dokkaHtmlPlugin,dokkaHtmlRuntime,dokkaJavadocCollectorPlugin,dokkaJavadocCollectorRuntime,dokkaJavadocPlugin,dokkaJavadocRuntime,dokkaJekyllCollectorPlugin,dokkaJekyllCollectorRuntime,dokkaJekyllMultiModulePlugin,dokkaJekyllMultiModuleRuntime,dokkaJekyllPlugin,dokkaJekyllRuntime
org.jetbrains.kotlin:kotlin-stdlib-jdk7:1.8.20=dokkaGfmCollectorRuntime,dokkaGfmMultiModuleRuntime,dokkaGfmRuntime,dokkaHtmlCollectorRuntime,dokkaHtmlMultiModuleRuntime,dokkaHtmlRuntime,dokkaJavadocCollectorRuntime,dokkaJavadocRuntime,dokkaJekyllCollectorRuntime,dokkaJekyllMultiModuleRuntime,dokkaJekyllRuntime
org.jetbrains.kotlin:kotlin-stdlib-jdk7:1.9.0=dokkaGfmCollectorPlugin,dokkaGfmMultiModulePlugin,dokkaGfmPlugin,dokkaHtmlCollectorPlugin,dokkaHtmlMultiModulePlugin,dokkaHtmlPlugin,dokkaJavadocCollectorPlugin,dokkaJavadocPlugin,dokkaJekyllCollectorPlugin,dokkaJekyllMultiModulePlugin,dokkaJekyllPlugin
org.jetbrains.kotlin:kotlin-stdlib-jdk7:1.9.10=ktlint,ktlintBaselineReporter,ktlintReporter,ktlintRuleset
org.jetbrains.kotlin:kotlin-stdlib-jdk8:1.8.20=dokkaGfmCollectorRuntime,dokkaGfmMultiModuleRuntime,dokkaGfmRuntime,dokkaHtmlCollectorRuntime,dokkaHtmlMultiModuleRuntime,dokkaHtmlRuntime,dokkaJavadocCollectorRuntime,dokkaJavadocRuntime,dokkaJekyllCollectorRuntime,dokkaJekyllMultiModuleRuntime,dokkaJekyllRuntime
org.jetbrains.kotlin:kotlin-stdlib-jdk8:1.9.0=dokkaGfmCollectorPlugin,dokkaGfmMultiModulePlugin,dokkaGfmPlugin,dokkaHtmlCollectorPlugin,dokkaHtmlMultiModulePlugin,dokkaHtmlPlugin,dokkaJavadocCollectorPlugin,dokkaJavadocPlugin,dokkaJekyllCollectorPlugin,dokkaJekyllMultiModulePlugin,dokkaJekyllPlugin
org.jetbrains.kotlin:kotlin-stdlib-jdk8:1.9.10=ktlint,ktlintBaselineReporter,ktlintReporter,ktlintRuleset
org.jetbrains.kotlin:kotlin-stdlib:1.9.10=ktlint,ktlintBaselineReporter,ktlintReporter,ktlintRuleset
org.jetbrains.kotlin:kotlin-stdlib:1.9.22=dokkaGfmCollectorPlugin,dokkaGfmCollectorRuntime,dokkaGfmMultiModulePlugin,dokkaGfmMultiModuleRuntime,dokkaGfmPlugin,dokkaGfmRuntime,dokkaHtmlCollectorPlugin,dokkaHtmlCollectorRuntime,dokkaHtmlMultiModulePlugin,dokkaHtmlMultiModuleRuntime,dokkaHtmlPlugin,dokkaHtmlRuntime,dokkaJavadocCollectorPlugin,dokkaJavadocCollectorRuntime,dokkaJavadocPlugin,dokkaJavadocRuntime,dokkaJekyllCollectorPlugin,dokkaJekyllCollectorRuntime,dokkaJekyllMultiModulePlugin,dokkaJekyllMultiModuleRuntime,dokkaJekyllPlugin,dokkaJekyllRuntime
org.jetbrains.kotlin:kotlin-stdlib:2.1.0=apiDependenciesMetadata,compileClasspath,implementationDependenciesMetadata,kotlinBuildToolsApiClasspath,kotlinCompilerClasspath,kotlinCompilerPluginClasspathMain,kotlinCompilerPluginClasspathTest,kotlinKlibCommonizerClasspath,runtimeClasspath,testCompileClasspath,testImplementationDependenciesMetadata,testRuntimeClasspath
org.jetbrains.kotlinx:kotlinx-coroutines-bom:1.7.3=dokkaGfmCollectorPlugin,dokkaGfmCollectorRuntime,dokkaGfmMultiModulePlugin,dokkaGfmMultiModuleRuntime,dokkaGfmPlugin,dokkaGfmRuntime,dokkaHtmlCollectorPlugin,dokkaHtmlCollectorRuntime,dokkaHtmlMultiModulePlugin,dokkaHtmlMultiModuleRuntime,dokkaHtmlPlugin,dokkaHtmlRuntime,dokkaJavadocCollectorPlugin,dokkaJavadocCollectorRuntime,dokkaJavadocPlugin,dokkaJavadocRuntime,dokkaJekyllCollectorPlugin,dokkaJekyllCollectorRuntime,dokkaJekyllMultiModulePlugin,dokkaJekyllMultiModuleRuntime,dokkaJekyllPlugin,dokkaJekyllRuntime
org.jetbrains.kotlinx:kotlinx-coroutines-core-jvm:1.6.4=kotlinBuildToolsApiClasspath,kotlinCompilerClasspath,kotlinKlibCommonizerClasspath
org.jetbrains.kotlinx:kotlinx-coroutines-core-jvm:1.7.3=dokkaGfmCollectorPlugin,dokkaGfmCollectorRuntime,dokkaGfmMultiModulePlugin,dokkaGfmMultiModuleRuntime,dokkaGfmPlugin,dokkaGfmRuntime,dokkaHtmlCollectorPlugin,dokkaHtmlCollectorRuntime,dokkaHtmlMultiModulePlugin,dokkaHtmlMultiModuleRuntime,dokkaHtmlPlugin,dokkaHtmlRuntime,dokkaJavadocCollectorPlugin,dokkaJavadocCollectorRuntime,dokkaJavadocPlugin,dokkaJavadocRuntime,dokkaJekyllCollectorPlugin,dokkaJekyllCollectorRuntime,dokkaJekyllMultiModulePlugin,dokkaJekyllMultiModuleRuntime,dokkaJekyllPlugin,dokkaJekyllRuntime
org.jetbrains.kotlinx:kotlinx-coroutines-core:1.7.3=dokkaGfmCollectorPlugin,dokkaGfmCollectorRuntime,dokkaGfmMultiModulePlugin,dokkaGfmMultiModuleRuntime,dokkaGfmPlugin,dokkaGfmRuntime,dokkaHtmlCollectorPlugin,dokkaHtmlCollectorRuntime,dokkaHtmlMultiModulePlugin,dokkaHtmlMultiModuleRuntime,dokkaHtmlPlugin,dokkaHtmlRuntime,dokkaJavadocCollectorPlugin,dokkaJavadocCollectorRuntime,dokkaJavadocPlugin,dokkaJavadocRuntime,dokkaJekyllCollectorPlugin,dokkaJekyllCollectorRuntime,dokkaJekyllMultiModulePlugin,dokkaJekyllMultiModuleRuntime,dokkaJekyllPlugin,dokkaJekyllRuntime
org.jetbrains.kotlinx:kotlinx-html-jvm:0.9.1=dokkaGfmCollectorPlugin,dokkaGfmMultiModulePlugin,dokkaGfmPlugin,dokkaHtmlCollectorPlugin,dokkaHtmlMultiModulePlugin,dokkaHtmlPlugin,dokkaJavadocCollectorPlugin,dokkaJavadocPlugin,dokkaJekyllCollectorPlugin,dokkaJekyllMultiModulePlugin,dokkaJekyllPlugin
org.jetbrains.kotlinx:kotlinx-serialization-core-jvm:1.4.1=ktlintReporter
org.jetbrains.kotlinx:kotlinx-serialization-core:1.4.1=ktlintReporter
org.jetbrains.kotlinx:kotlinx-serialization-json-jvm:1.4.1=ktlintReporter
org.jetbrains.kotlinx:kotlinx-serialization-json:1.4.1=ktlintReporter
org.jetbrains:annotations:13.0=compileClasspath,kotlinBuildToolsApiClasspath,kotlinCompilerClasspath,kotlinCompilerPluginClasspathMain,kotlinCompilerPluginClasspathTest,kotlinKlibCommonizerClasspath,ktlint,ktlintBaselineReporter,ktlintReporter,ktlintRuleset,runtimeClasspath,testCompileClasspath,testRuntimeClasspath
org.jetbrains:annotations:23.0.0=dokkaGfmCollectorPlugin,dokkaGfmCollectorRuntime,dokkaGfmMultiModulePlugin,dokkaGfmMultiModuleRuntime,dokkaGfmPlugin,dokkaGfmRuntime,dokkaHtmlCollectorPlugin,dokkaHtmlCollectorRuntime,dokkaHtmlMultiModulePlugin,dokkaHtmlMultiModuleRuntime,dokkaHtmlPlugin,dokkaHtmlRuntime,dokkaJavadocCollectorPlugin,dokkaJavadocCollectorRuntime,dokkaJavadocPlugin,dokkaJavadocRuntime,dokkaJekyllCollectorPlugin,dokkaJekyllCollectorRuntime,dokkaJekyllMultiModulePlugin,dokkaJekyllMultiModuleRuntime,dokkaJekyllPlugin,dokkaJekyllRuntime
org.jetbrains:markdown-jvm:0.5.2=dokkaGfmCollectorPlugin,dokkaGfmMultiModulePlugin,dokkaGfmPlugin,dokkaHtmlCollectorPlugin,dokkaHtmlMultiModulePlugin,dokkaHtmlPlugin,dokkaJavadocCollectorPlugin,dokkaJavadocPlugin,dokkaJekyllCollectorPlugin,dokkaJekyllMultiModulePlugin,dokkaJekyllPlugin
org.jetbrains:markdown:0.5.2=dokkaGfmCollectorPlugin,dokkaGfmMultiModulePlugin,dokkaGfmPlugin,dokkaHtmlCollectorPlugin,dokkaHtmlMultiModulePlugin,dokkaHtmlPlugin,dokkaJavadocCollectorPlugin,dokkaJavadocPlugin,dokkaJekyllCollectorPlugin,dokkaJekyllMultiModulePlugin,dokkaJekyllPlugin
org.jsoup:jsoup:1.16.1=dokkaGfmCollectorPlugin,dokkaGfmMultiModulePlugin,dokkaGfmPlugin,dokkaHtmlCollectorPlugin,dokkaHtmlMultiModulePlugin,dokkaHtmlPlugin,dokkaJavadocCollectorPlugin,dokkaJavadocPlugin,dokkaJekyllCollectorPlugin,dokkaJekyllMultiModulePlugin,dokkaJekyllPlugin
org.ow2.asm:asm-analysis:9.2=jacocoAnt
org.ow2.asm:asm-commons:9.2=jacocoAnt
org.ow2.asm:asm-tree:9.2=jacocoAnt
org.ow2.asm:asm:9.2=jacocoAnt
org.slf4j:slf4j-api:2.0.4=ktlint
empty=annotationProcessor,compileOnlyDependenciesMetadata,dokkaPlugin,dokkaRuntime,intransitiveDependenciesMetadata,kotlinCompilerPluginClasspath,kotlinNativeCompilerPluginClasspath,kotlinScriptDefExtensions,testAnnotationProcessor,testApiDependenciesMetadata,testCompileOnlyDependenciesMetadata,testIntransitiveDependenciesMetadata,testKotlinScriptDefExtensions
